
Microsoft Visual Studio Solution File, Format Version 12.00
# Visual Studio 15
VisualStudioVersion = 15.0.26730.12
MinimumVisualStudioVersion = 10.0.40219.1
Project("{FAE04EC0-301F-11D3-BF4B-00C04F79EFBC}") = "GazeCalibration", "GazeCalibration\GazeCalibration.csproj", "{93353667-232B-4A90-B882-35A755F67E46}"
EndProject
Global
	GlobalSection(SolutionConfigurationPlatforms) = preSolution
		Debug|Any CPU = Debug|Any CPU
		Release|Any CPU = Release|Any CPU
	EndGlobalSection
	GlobalSection(ProjectConfigurationPlatforms) = postSolution
		{93353667-232B-4A90-B882-35A755F67E46}.Debug|Any CPU.ActiveCfg = Debug|Any CPU
		{93353667-232B-4A90-B882-35A755F67E46}.Debug|Any CPU.Build.0 = Debug|Any CPU
		{93353667-232B-4A90-B882-35A755F67E46}.Release|Any CPU.ActiveCfg = Release|Any CPU
		{93353667-232B-4A90-B882-35A755F67E46}.Release|Any CPU.Build.0 = Release|Any CPU
	EndGlobalSection
	GlobalSection(SolutionProperties) = preSolution
		HideSolutionNode = FALSE
	EndGlobalSection
	GlobalSection(ExtensibilityGlobals) = postSolution
		SolutionGuid = {9FD7E8BA-A256-430C-9C0D-2C298C28F19D}
	EndGlobalSection
EndGlobal
